
Microsoft Visual Studio Solution File, Format Version 12.00
# Visual Studio Version 16
VisualStudioVersion = 16.0.31112.23
MinimumVisualStudioVersion = 10.0.40219.1
Project("{FAE04EC0-301F-11D3-BF4B-00C04F79EFBC}") = "testgrpcclient", "testgrpcclient.csproj", "{85D9E5B7-B834-4B63-B9A3-36BB5A851AF8}"
EndProject
Global
	GlobalSection(SolutionConfigurationPlatforms) = preSolution
		Debug|Any CPU = Debug|Any CPU
		Release|Any CPU = Release|Any CPU
	EndGlobalSection
	GlobalSection(ProjectConfigurationPlatforms) = postSolution
		{85D9E5B7-B834-4B63-B9A3-36BB5A851AF8}.Debug|Any CPU.ActiveCfg = Debug|Any CPU
		{85D9E5B7-B834-4B63-B9A3-36BB5A851AF8}.Debug|Any CPU.Build.0 = Debug|Any CPU
		{85D9E5B7-B834-4B63-B9A3-36BB5A851AF8}.Release|Any CPU.ActiveCfg = Release|Any CPU
		{85D9E5B7-B834-4B63-B9A3-36BB5A851AF8}.Release|Any CPU.Build.0 = Release|Any CPU
	EndGlobalSection
	GlobalSection(SolutionProperties) = preSolution
		HideSolutionNode = FALSE
	EndGlobalSection
	GlobalSection(ExtensibilityGlobals) = postSolution
		SolutionGuid = {6E0D1677-389B-41DC-9736-EB54A4E47083}
	EndGlobalSection
EndGlobal
