
Microsoft Visual Studio Solution File, Format Version 12.00
# Visual Studio Version 16
VisualStudioVersion = 16.0.31112.23
MinimumVisualStudioVersion = 10.0.40219.1
Project("{9A19103F-16F7-4668-BE54-9A1E7A4F7556}") = "testwebapp", "testwebapp.csproj", "{E63526EA-B5D7-4433-B9D6-7CEA86CDD9BE}"
EndProject
Global
	GlobalSection(SolutionConfigurationPlatforms) = preSolution
		Debug|Any CPU = Debug|Any CPU
		Release|Any CPU = Release|Any CPU
	EndGlobalSection
	GlobalSection(ProjectConfigurationPlatforms) = postSolution
		{E63526EA-B5D7-4433-B9D6-7CEA86CDD9BE}.Debug|Any CPU.ActiveCfg = Debug|Any CPU
		{E63526EA-B5D7-4433-B9D6-7CEA86CDD9BE}.Debug|Any CPU.Build.0 = Debug|Any CPU
		{E63526EA-B5D7-4433-B9D6-7CEA86CDD9BE}.Release|Any CPU.ActiveCfg = Release|Any CPU
		{E63526EA-B5D7-4433-B9D6-7CEA86CDD9BE}.Release|Any CPU.Build.0 = Release|Any CPU
	EndGlobalSection
	GlobalSection(SolutionProperties) = preSolution
		HideSolutionNode = FALSE
	EndGlobalSection
	GlobalSection(ExtensibilityGlobals) = postSolution
		SolutionGuid = {7E041D1A-E5A5-43CC-8A7B-99242B71ED66}
	EndGlobalSection
EndGlobal
